<?xml version="1.0" encoding="utf-8"?>
<Project ToolsVersion="4.0" xmlns="http://schemas.microsoft.com/developer/msbuild/2003">
  <ItemGroup>
    <Filter Include="Source Files">
      <UniqueIdentifier>{4FC737F1-C7A5-4376-A066-2A32D752A2FF}</UniqueIdentifier>
      <Extensions>cpp;c;cc;cxx;def;odl;idl;hpj;bat;asm;asmx</Extensions>
    </Filter>
    <Filter Include="Source Files\Unit">
      <UniqueIdentifier>{ed45bc60-f703-4066-a296-d15609580bed}</UniqueIdentifier>
    </Filter>
    <Filter Include="Source Files\Maps">
      <UniqueIdentifier>{e1224138-6b59-43b4-89d9-4f6dc85264da}</UniqueIdentifier>
    </Filter>
    <Filter Include="Source Files\Graphics">
      <UniqueIdentifier>{b25ccf3c-52f5-4618-be20-621f9b147cf1}</UniqueIdentifier>
    </Filter>
    <Filter Include="Source Files\EventSystem">
      <UniqueIdentifier>{8b1d8fd8-69f4-41d3-b1a9-73d94a753dd7}</UniqueIdentifier>
    </Filter>
    <Filter Include="Source Files\Levels">
      <UniqueIdentifier>{051983c8-2c48-42e4-b255-45548778039e}</UniqueIdentifier>
    </Filter>
    <Filter Include="Source Files\Menu">
      <UniqueIdentifier>{2d3b4697-5b5c-43d3-bcd7-38ceb596261d}</UniqueIdentifier>
    </Filter>
    <Filter Include="Source Files\Localization">
      <UniqueIdentifier>{ca872f47-517b-40b5-8192-b71795568027}</UniqueIdentifier>
    </Filter>
    <Filter Include="Header Files">
      <UniqueIdentifier>{93995380-89BD-4b04-88EB-625FBE52EBFB}</UniqueIdentifier>
      <Extensions>h;hpp;hxx;hm;inl;inc;xsd</Extensions>
    </Filter>
    <Filter Include="Header Files\Graphics">
      <UniqueIdentifier>{e5114ebb-0755-4b68-834a-6726b7cfe738}</UniqueIdentifier>
    </Filter>
    <Filter Include="Header Files\Maps">
      <UniqueIdentifier>{5c8a6955-d341-4f53-8d5e-971810c934c2}</UniqueIdentifier>
    </Filter>
    <Filter Include="Header Files\Unit">
      <UniqueIdentifier>{99583ef3-a349-4a83-87d5-715b2231d283}</UniqueIdentifier>
    </Filter>
    <Filter Include="Header Files\EventSystem">
      <UniqueIdentifier>{9e8c7884-198f-418b-95e2-c2d270828cfa}</UniqueIdentifier>
    </Filter>
    <Filter Include="Header Files\Levels">
      <UniqueIdentifier>{7fb4b81f-bed3-4a1f-9233-96a4eb58c323}</UniqueIdentifier>
    </Filter>
    <Filter Include="Header Files\Menu">
      <UniqueIdentifier>{e7ad0f02-8e8b-443b-b57c-643a9d5be4a0}</UniqueIdentifier>
    </Filter>
    <Filter Include="Header Files\Localization">
      <UniqueIdentifier>{13b168ab-33d7-4211-a4c2-64ff297cb9ca}</UniqueIdentifier>
    </Filter>
    <Filter Include="Resource Files">
      <UniqueIdentifier>{67DA6AB6-F800-4c08-8B7A-83BB121AAD01}</UniqueIdentifier>
      <Extensions>rc;ico;cur;bmp;dlg;rc2;rct;bin;rgs;gif;jpg;jpeg;jpe;resx;tiff;tif;png;wav</Extensions>
    </Filter>
  </ItemGroup>
  <ItemGroup>
    <ClCompile Include="Attack.cpp">
      <Filter>Source Files</Filter>
    </ClCompile>
    <ClCompile Include="Battle.cpp">
      <Filter>Source Files</Filter>
    </ClCompile>
    <ClCompile Include="Credits.cpp">
      <Filter>Source Files</Filter>
    </ClCompile>
    <ClCompile Include="Game.cpp">
      <Filter>Source Files</Filter>
    </ClCompile>
    <ClCompile Include="InputSystem.cpp">
      <Filter>Source Files</Filter>
    </ClCompile>
    <ClCompile Include="Magic.cpp">
      <Filter>Source Files</Filter>
    </ClCompile>
    <ClCompile Include="main.cpp">
      <Filter>Source Files</Filter>
    </ClCompile>
    <ClCompile Include="PathFindingSystem.cpp">
      <Filter>Source Files</Filter>
    </ClCompile>
    <ClCompile Include="Point.cpp">
      <Filter>Source Files</Filter>
    </ClCompile>
    <ClCompile Include="SoundManager.cpp">
      <Filter>Source Files</Filter>
    </ClCompile>
    <ClCompile Include="Timer.cpp">
      <Filter>Source Files</Filter>
    </ClCompile>
    <ClCompile Include="Cael.cpp">
      <Filter>Source Files\Unit</Filter>
    </ClCompile>
    <ClCompile Include="Enemy.cpp">
      <Filter>Source Files\Unit</Filter>
    </ClCompile>
    <ClCompile Include="Portal.cpp">
      <Filter>Source Files\Unit</Filter>
    </ClCompile>
    <ClCompile Include="Unit.cpp">
      <Filter>Source Files\Unit</Filter>
    </ClCompile>
    <ClCompile Include="UnitManager.cpp">
      <Filter>Source Files\Unit</Filter>
    </ClCompile>
    <ClCompile Include="Map.cpp">
      <Filter>Source Files\Maps</Filter>
    </ClCompile>
    <ClCompile Include="MapManager.cpp">
      <Filter>Source Files\Maps</Filter>
    </ClCompile>
    <ClCompile Include="AnimatedSprite.cpp">
      <Filter>Source Files\Graphics</Filter>
    </ClCompile>
    <ClCompile Include="AssetManager.cpp">
      <Filter>Source Files\Graphics</Filter>
    </ClCompile>
    <ClCompile Include="GraphicsSystem.cpp">
      <Filter>Source Files\Graphics</Filter>
    </ClCompile>
    <ClCompile Include="ChangeLanguageEvent.cpp">
      <Filter>Source Files\EventSystem</Filter>
    </ClCompile>
    <ClCompile Include="ChangeMapEvent.cpp">
      <Filter>Source Files\EventSystem</Filter>
    </ClCompile>
    <ClCompile Include="Event.cpp">
      <Filter>Source Files\EventSystem</Filter>
    </ClCompile>
    <ClCompile Include="EventListener.cpp">
      <Filter>Source Files\EventSystem</Filter>
    </ClCompile>
    <ClCompile Include="EventSystem.cpp">
      <Filter>Source Files\EventSystem</Filter>
    </ClCompile>
    <ClCompile Include="MoveEvent.cpp">
      <Filter>Source Files\EventSystem</Filter>
    </ClCompile>
    <ClCompile Include="NewGameEvent.cpp">
      <Filter>Source Files\EventSystem</Filter>
    </ClCompile>
    <ClCompile Include="ResetCaelEvent.cpp">
      <Filter>Source Files\EventSystem</Filter>
    </ClCompile>
    <ClCompile Include="EnemyLevel.cpp">
      <Filter>Source Files\Levels</Filter>
    </ClCompile>
    <ClCompile Include="EnemyLevelManager.cpp">
      <Filter>Source Files\Levels</Filter>
    </ClCompile>
    <ClCompile Include="Level.cpp">
      <Filter>Source Files\Levels</Filter>
    </ClCompile>
    <ClCompile Include="LevelManager.cpp">
      <Filter>Source Files\Levels</Filter>
    </ClCompile>
    <ClCompile Include="BattleMenu.cpp">
      <Filter>Source Files\Menu</Filter>
    </ClCompile>
    <ClCompile Include="ItemsMenu.cpp">
      <Filter>Source Files\Menu</Filter>
    </ClCompile>
    <ClCompile Include="MainMenu.cpp">
      <Filter>Source Files\Menu</Filter>
    </ClCompile>
    <ClCompile Include="Menu.cpp">
      <Filter>Source Files\Menu</Filter>
    </ClCompile>
    <ClCompile Include="MenuSystem.cpp">
      <Filter>Source Files\Menu</Filter>
    </ClCompile>
    <ClCompile Include="OptionsMenu.cpp">
      <Filter>Source Files\Menu</Filter>
    </ClCompile>
    <ClCompile Include="LocalizationSystem.cpp">
      <Filter>Source Files\Localization</Filter>
    </ClCompile>
  </ItemGroup>
  <ItemGroup>
    <ClInclude Include="Attack.h">
      <Filter>Header Files</Filter>
    </ClInclude>
    <ClInclude Include="Battle.h">
      <Filter>Header Files</Filter>
    </ClInclude>
    <ClInclude Include="Credits.h">
      <Filter>Header Files</Filter>
    </ClInclude>
    <ClInclude Include="Game.h">
      <Filter>Header Files</Filter>
    </ClInclude>
    <ClInclude Include="InputSystem.h">
      <Filter>Header Files</Filter>
    </ClInclude>
    <ClInclude Include="Magic.h">
      <Filter>Header Files</Filter>
    </ClInclude>
    <ClInclude Include="PathFindingSystem.h">
      <Filter>Header Files</Filter>
    </ClInclude>
    <ClInclude Include="Point.h">
      <Filter>Header Files</Filter>
    </ClInclude>
    <ClInclude Include="SoundManager.h">
      <Filter>Header Files</Filter>
    </ClInclude>
    <ClInclude Include="Timer.h">
      <Filter>Header Files</Filter>
    </ClInclude>
    <ClInclude Include="AnimatedSprite.h">
      <Filter>Header Files\Graphics</Filter>
    </ClInclude>
    <ClInclude Include="AssetManager.h">
      <Filter>Header Files\Graphics</Filter>
    </ClInclude>
    <ClInclude Include="GraphicsSystem.h">
      <Filter>Header Files\Graphics</Filter>
    </ClInclude>
    <ClInclude Include="Map.h">
      <Filter>Header Files\Maps</Filter>
    </ClInclude>
    <ClInclude Include="MapManager.h">
      <Filter>Header Files\Maps</Filter>
    </ClInclude>
    <ClInclude Include="Cael.h">
      <Filter>Header Files\Unit</Filter>
    </ClInclude>
    <ClInclude Include="Enemy.h">
      <Filter>Header Files\Unit</Filter>
    </ClInclude>
    <ClInclude Include="Portal.h">
      <Filter>Header Files\Unit</Filter>
    </ClInclude>
    <ClInclude Include="Unit.h">
      <Filter>Header Files\Unit</Filter>
    </ClInclude>
    <ClInclude Include="UnitManager.h">
      <Filter>Header Files\Unit</Filter>
    </ClInclude>
    <ClInclude Include="ChangeLanguageEvent.h">
      <Filter>Header Files\EventSystem</Filter>
    </ClInclude>
    <ClInclude Include="ChangeMapEvent.h">
      <Filter>Header Files\EventSystem</Filter>
    </ClInclude>
    <ClInclude Include="Event.h">
      <Filter>Header Files\EventSystem</Filter>
    </ClInclude>
    <ClInclude Include="EventListener.h">
      <Filter>Header Files\EventSystem</Filter>
    </ClInclude>
    <ClInclude Include="EventSystem.h">
      <Filter>Header Files\EventSystem</Filter>
    </ClInclude>
    <ClInclude Include="MoveEvent.h">
      <Filter>Header Files\EventSystem</Filter>
    </ClInclude>
    <ClInclude Include="NewGameEvent.h">
      <Filter>Header Files\EventSystem</Filter>
    </ClInclude>
    <ClInclude Include="EnemyLevel.h">
      <Filter>Header Files\Levels</Filter>
    </ClInclude>
    <ClInclude Include="EnemyLevelManager.h">
      <Filter>Header Files\Levels</Filter>
    </ClInclude>
    <ClInclude Include="Level.h">
      <Filter>Header Files\Levels</Filter>
    </ClInclude>
    <ClInclude Include="LevelManager.h">
      <Filter>Header Files\Levels</Filter>
    </ClInclude>
    <ClInclude Include="BattleMenu.h">
      <Filter>Header Files\Menu</Filter>
    </ClInclude>
    <ClInclude Include="ItemsMenu.h">
      <Filter>Header Files\Menu</Filter>
    </ClInclude>
    <ClInclude Include="MainMenu.h">
      <Filter>Header Files\Menu</Filter>
    </ClInclude>
    <ClInclude Include="Menu.h">
      <Filter>Header Files\Menu</Filter>
    </ClInclude>
    <ClInclude Include="MenuSystem.h">
      <Filter>Header Files\Menu</Filter>
    </ClInclude>
    <ClInclude Include="OptionsMenu.h">
      <Filter>Header Files\Menu</Filter>
    </ClInclude>
    <ClInclude Include="LocalizationSystem.h">
      <Filter>Header Files\Localization</Filter>
    </ClInclude>
  </ItemGroup>
  <ItemGroup>
    <None Include="packages.config" />
  </ItemGroup>
</Project>